
Microsoft Visual Studio Solution File, Format Version 12.00
# Visual Studio Version 17
VisualStudioVersion = 17.8.34330.188
MinimumVisualStudioVersion = 10.0.40219.1
Project("{FAE04EC0-301F-11D3-BF4B-00C04F79EFBC}") = "ConqueresBlade.Server", "ConqueresBlade\Server\ConqueresBlade.Server.csproj", "{E3717044-9D84-427D-8F9E-E4A1859EFEF8}"
EndProject
Project("{FAE04EC0-301F-11D3-BF4B-00C04F79EFBC}") = "ConqueresBlade.Client", "ConqueresBlade\Client\ConqueresBlade.Client.csproj", "{931CB85F-51BD-4F5B-A1E8-AEE0B41B07A7}"
EndProject
Project("{FAE04EC0-301F-11D3-BF4B-00C04F79EFBC}") = "ConqueresBlade.Shared", "ConqueresBlade\Shared\ConqueresBlade.Shared.csproj", "{C663699D-65EB-4BB0-B2AA-E956BB012BDD}"
EndProject
Project("{FAE04EC0-301F-11D3-BF4B-00C04F79EFBC}") = "DataApi", "DataApi\DataApi.csproj", "{F8BC1631-CAF8-43BF-B35C-374A1ABEAE08}"
EndProject
Global
	GlobalSection(SolutionConfigurationPlatforms) = preSolution
		Debug|Any CPU = Debug|Any CPU
		Release|Any CPU = Release|Any CPU
	EndGlobalSection
	GlobalSection(ProjectConfigurationPlatforms) = postSolution
		{E3717044-9D84-427D-8F9E-E4A1859EFEF8}.Debug|Any CPU.ActiveCfg = Debug|Any CPU
		{E3717044-9D84-427D-8F9E-E4A1859EFEF8}.Debug|Any CPU.Build.0 = Debug|Any CPU
		{E3717044-9D84-427D-8F9E-E4A1859EFEF8}.Release|Any CPU.ActiveCfg = Release|Any CPU
		{E3717044-9D84-427D-8F9E-E4A1859EFEF8}.Release|Any CPU.Build.0 = Release|Any CPU
		{931CB85F-51BD-4F5B-A1E8-AEE0B41B07A7}.Debug|Any CPU.ActiveCfg = Debug|Any CPU
		{931CB85F-51BD-4F5B-A1E8-AEE0B41B07A7}.Debug|Any CPU.Build.0 = Debug|Any CPU
		{931CB85F-51BD-4F5B-A1E8-AEE0B41B07A7}.Release|Any CPU.ActiveCfg = Release|Any CPU
		{931CB85F-51BD-4F5B-A1E8-AEE0B41B07A7}.Release|Any CPU.Build.0 = Release|Any CPU
		{C663699D-65EB-4BB0-B2AA-E956BB012BDD}.Debug|Any CPU.ActiveCfg = Debug|Any CPU
		{C663699D-65EB-4BB0-B2AA-E956BB012BDD}.Debug|Any CPU.Build.0 = Debug|Any CPU
		{C663699D-65EB-4BB0-B2AA-E956BB012BDD}.Release|Any CPU.ActiveCfg = Release|Any CPU
		{C663699D-65EB-4BB0-B2AA-E956BB012BDD}.Release|Any CPU.Build.0 = Release|Any CPU
		{F8BC1631-CAF8-43BF-B35C-374A1ABEAE08}.Debug|Any CPU.ActiveCfg = Debug|Any CPU
		{F8BC1631-CAF8-43BF-B35C-374A1ABEAE08}.Debug|Any CPU.Build.0 = Debug|Any CPU
		{F8BC1631-CAF8-43BF-B35C-374A1ABEAE08}.Release|Any CPU.ActiveCfg = Release|Any CPU
		{F8BC1631-CAF8-43BF-B35C-374A1ABEAE08}.Release|Any CPU.Build.0 = Release|Any CPU
	EndGlobalSection
	GlobalSection(SolutionProperties) = preSolution
		HideSolutionNode = FALSE
	EndGlobalSection
	GlobalSection(ExtensibilityGlobals) = postSolution
		SolutionGuid = {8D0ED95F-E375-4903-BD9D-75EF54FAC973}
	EndGlobalSection
EndGlobal
